
Microsoft Visual Studio Solution File, Format Version 12.00
# Visual Studio Version 17
VisualStudioVersion = 17.14.36518.9
MinimumVisualStudioVersion = 10.0.40219.1
Project("{FAE04EC0-301F-11D3-BF4B-00C04F79EFBC}") = "Reservation", "Reservation\Reservation.csproj", "{8FC81509-FC82-4D54-A477-761D6738B075}"
EndProject
Project("{FAE04EC0-301F-11D3-BF4B-00C04F79EFBC}") = "Reservation.DataContext", "Reservation.DataContext\Reservation.DataContext.csproj", "{3C3CCFAC-453D-4E11-AAD4-C294BEB48332}"
EndProject
Project("{FAE04EC0-301F-11D3-BF4B-00C04F79EFBC}") = "Reservation.Service", "Reservation.Service\Reservation.Service.csproj", "{643B9655-3A84-4B14-B0E1-C71A3AF923F7}"
EndProject
Global
	GlobalSection(SolutionConfigurationPlatforms) = preSolution
		Debug|Any CPU = Debug|Any CPU
		Release|Any CPU = Release|Any CPU
	EndGlobalSection
	GlobalSection(ProjectConfigurationPlatforms) = postSolution
		{8FC81509-FC82-4D54-A477-761D6738B075}.Debug|Any CPU.ActiveCfg = Debug|Any CPU
		{8FC81509-FC82-4D54-A477-761D6738B075}.Debug|Any CPU.Build.0 = Debug|Any CPU
		{8FC81509-FC82-4D54-A477-761D6738B075}.Release|Any CPU.ActiveCfg = Release|Any CPU
		{8FC81509-FC82-4D54-A477-761D6738B075}.Release|Any CPU.Build.0 = Release|Any CPU
		{3C3CCFAC-453D-4E11-AAD4-C294BEB48332}.Debug|Any CPU.ActiveCfg = Debug|Any CPU
		{3C3CCFAC-453D-4E11-AAD4-C294BEB48332}.Debug|Any CPU.Build.0 = Debug|Any CPU
		{3C3CCFAC-453D-4E11-AAD4-C294BEB48332}.Release|Any CPU.ActiveCfg = Release|Any CPU
		{3C3CCFAC-453D-4E11-AAD4-C294BEB48332}.Release|Any CPU.Build.0 = Release|Any CPU
		{643B9655-3A84-4B14-B0E1-C71A3AF923F7}.Debug|Any CPU.ActiveCfg = Debug|Any CPU
		{643B9655-3A84-4B14-B0E1-C71A3AF923F7}.Debug|Any CPU.Build.0 = Debug|Any CPU
		{643B9655-3A84-4B14-B0E1-C71A3AF923F7}.Release|Any CPU.ActiveCfg = Release|Any CPU
		{643B9655-3A84-4B14-B0E1-C71A3AF923F7}.Release|Any CPU.Build.0 = Release|Any CPU
	EndGlobalSection
	GlobalSection(SolutionProperties) = preSolution
		HideSolutionNode = FALSE
	EndGlobalSection
	GlobalSection(ExtensibilityGlobals) = postSolution
		SolutionGuid = {173C7CBE-C593-47A5-AE2C-7C1B89ADA57D}
	EndGlobalSection
EndGlobal
